<?xml version="1.0" encoding="utf-8"?>
<Project ToolsVersion="4.0" xmlns="http://schemas.microsoft.com/developer/msbuild/2003">
  <ItemGroup>
    <ClCompile Include="adminWindow.cpp" />
    <ClCompile Include="calendar.cpp" />
    <ClCompile Include="carLogin.cpp" />
    <ClCompile Include="carSignUp.cpp" />
    <ClCompile Include="rentWindow.cpp" />
    <ClCompile Include="sellWindow.cpp" />
    <ClCompile Include="Source.cpp" />
    <ClCompile Include="userMainWindow.cpp" />
    <ClCompile Include="sellList.cpp" />
  </ItemGroup>
  <ItemGroup>
    <ClInclude Include="adminWindow.h" />
    <ClInclude Include="calendar.h" />
    <ClInclude Include="carLogin.h" />
    <ClInclude Include="carSignUp.h" />
    <ClInclude Include="rentWindow.h" />
    <ClInclude Include="sellWindow.h" />
    <ClInclude Include="user.h" />
    <ClInclude Include="userMainWindow.h" />
    <ClInclude Include="sellList.h" />
  </ItemGroup>
  <ItemGroup>
    <None Include="Test.csv" />
    <None Include="UserData.csv" />
  </ItemGroup>
</Project>